github.com/fogleman/fauxgl v0.0.0-20200407182642-576996add3ee h1:tR3sn0xyN7+oB3lOAwTSOHE+In94DsdO8kjs6szIX88=
github.com/fogleman/fauxgl v0.0.0-20200407182642-576996add3ee/go.mod h1:7f7F8EvO8MWvDx9sIoloOfZBCKzlWuZV/h3TjpXOO3k=
github.com/fogleman/simplify v0.0.0-20170216171241-d32f302d5046 h1:n3RPbpwXSFT0G8FYslzMUBDO09Ix8/dlqzvUkcJm4Jk=
github.com/fogleman/simplify v0.0.0-20170216171241-d32f302d5046/go.mod h1:KDwyDqFmVUxUmo7tmqXtyaaJMdGon06y8BD2jmh84CQ=
github.com/gmlewis/stldice v1.0.0 h1:gtdyYn1Ev+ORJjM6Wl4K3nxq1+kBfWT4XOdf4jCYm30=
github.com/gmlewis/stldice v1.0.0/go.mod h1:88TnxoY4StqcWOnDJKUN06Jo7gArpgEuNIaT7+dxamM=
github.com/go-gl/gl v0.0.0-20190320180904-bf2b1f2f34d7 h1:SCYMcCJ89LjRGwEa0tRluNRiMjZHalQZrVrvTbPh+qw=
github.com/go-gl/gl v0.0.0-20190320180904-bf2b1f2f34d7/go.mod h1:482civXOzJJCPzJ4ZOX/pwvXBWSnzD4OKMdH4ClKGbk=
github.com/go-gl/glfw v0.0.0-20200222043503-6f7a984d4dc4 h1:5Bg3HS4orH8S9vQARwWJHnEkz0dvhRKf3xxGlyDpjhE=
github.com/go-gl/glfw/v3.3/glfw v0.0.0-20200222043503-6f7a984d4dc4 h1:WtGNWLvXpe6ZudgnXrq0barxBImvnnJoMEhXAzcbM0I=
github.com/go-gl/glfw/v3.3/glfw v0.0.0-20200222043503-6f7a984d4dc4/go.mod h1:tQ2UAYgL5IevRw8kRxooKSPJfGvJ9fJQFa0TUsXzTg8=
github.com/go-gl/mathgl v0.0.0-20190713194549-592312d8590a h1:yoAEv7yeWqfL/l9A/J5QOndXIJCldv+uuQB1DSNQbS0=
github.com/go-gl/mathgl v0.0.0-20190713194549-592312d8590a/go.mod h1:yhpkQzEiH9yPyxDUGzkmgScbaBVlhC06qodikEM0ZwQ=
golang.org/x/image v0.0.0-20190321063152-3fc05d484e9f h1:FO4MZ3N56GnxbqxGKqh+YTzUWQ2sDwtFQEZgLOxh9Jc=
golang.org/x/image v0.0.0-20190321063152-3fc05d484e9f/go.mod h1:kZ7UVZpmo3dzQBMxlp+ypCbDeSB+sBbTgSJuh5dn5js=
golang.org/x/text v0.3.0/go.mod h1:NqM8EUOU14njkJ3fqMW+pc6Ldnwhi/IjpwHt7yyuwOQ=
